
Microsoft Visual Studio Solution File, Format Version 12.00
# Visual Studio Version 17
VisualStudioVersion = 17.11.35327.3
MinimumVisualStudioVersion = 10.0.40219.1
Project("{2150E333-8FDC-42A3-9474-1A3956D46DE8}") = "Solution Items", "Solution Items", "{62142BBE-1833-483D-8F24-5D4523907830}"
	ProjectSection(SolutionItems) = preProject
		.travis.yml = .travis.yml
		..\Libraries\LSG_ActivityManager\ActivityManager.cpp = ..\Libraries\LSG_ActivityManager\ActivityManager.cpp
		..\Libraries\LSG_ActivityManager\ActivityManager.h = ..\Libraries\LSG_ActivityManager\ActivityManager.h
		..\Libraries\LSG_Utils\MySim900.cpp = ..\Libraries\LSG_Utils\MySim900.cpp
		..\Libraries\LSG_Utils\MySim900.h = ..\Libraries\LSG_Utils\MySim900.h
	EndProjectSection
EndProject
Project("{2150E333-8FDC-42A3-9474-1A3956D46DE8}") = "_library", "_library", "{02ED6CDB-0C8E-45BD-8EC5-ED7F59AE5B93}"
	ProjectSection(SolutionItems) = preProject
		..\Libraries\LSG_ActivityManager\ActivityManager.cpp = ..\Libraries\LSG_ActivityManager\ActivityManager.cpp
		..\Libraries\LSG_ActivityManager\ActivityManager.h = ..\Libraries\LSG_ActivityManager\ActivityManager.h
		..\Libraries\MyBlueTooth\MyBlueTooth.cpp = ..\Libraries\MyBlueTooth\MyBlueTooth.cpp
		..\Libraries\MyBlueTooth\MyBlueTooth.h = ..\Libraries\MyBlueTooth\MyBlueTooth.h
		..\Libraries\LSG_Utils\MySim900.cpp = ..\Libraries\LSG_Utils\MySim900.cpp
		..\Libraries\LSG_Utils\MySim900.h = ..\Libraries\LSG_Utils\MySim900.h
	EndProjectSection
EndProject
Project("{8BC9CEB8-8B4A-11D0-8D11-00A0C91BC942}") = "PortableAlarmTest", "PortableAlarmTest\PortableAlarmTest.vcxproj", "{C5F80730-F44F-4478-BDAE-6634EFC2CA88}"
EndProject
Project("{8BC9CEB8-8B4A-11D0-8D11-00A0C91BC942}") = "PortableAlarmSystem", "PortableAlarm\BasicPortableAlarmSystem.vcxproj", "{ACD1CD00-2D74-4298-85AA-96284F0E90C9}"
EndProject
Global
	GlobalSection(SolutionConfigurationPlatforms) = preSolution
		Debug|ARM = Debug|ARM
		Debug|x64 = Debug|x64
		Debug|x86 = Debug|x86
		Release|ARM = Release|ARM
		Release|x64 = Release|x64
		Release|x86 = Release|x86
	EndGlobalSection
	GlobalSection(ProjectConfigurationPlatforms) = postSolution
		{C5F80730-F44F-4478-BDAE-6634EFC2CA88}.Debug|ARM.ActiveCfg = Debug|Win32
		{C5F80730-F44F-4478-BDAE-6634EFC2CA88}.Debug|x64.ActiveCfg = Debug|Win32
		{C5F80730-F44F-4478-BDAE-6634EFC2CA88}.Debug|x86.ActiveCfg = Debug|Win32
		{C5F80730-F44F-4478-BDAE-6634EFC2CA88}.Debug|x86.Build.0 = Debug|Win32
		{C5F80730-F44F-4478-BDAE-6634EFC2CA88}.Release|ARM.ActiveCfg = Release|Win32
		{C5F80730-F44F-4478-BDAE-6634EFC2CA88}.Release|x64.ActiveCfg = Release|Win32
		{C5F80730-F44F-4478-BDAE-6634EFC2CA88}.Release|x86.ActiveCfg = Release|Win32
		{C5F80730-F44F-4478-BDAE-6634EFC2CA88}.Release|x86.Build.0 = Release|Win32
		{ACD1CD00-2D74-4298-85AA-96284F0E90C9}.Debug|ARM.ActiveCfg = Debug|ARM
		{ACD1CD00-2D74-4298-85AA-96284F0E90C9}.Debug|ARM.Build.0 = Debug|ARM
		{ACD1CD00-2D74-4298-85AA-96284F0E90C9}.Debug|x64.ActiveCfg = Debug|x64
		{ACD1CD00-2D74-4298-85AA-96284F0E90C9}.Debug|x64.Build.0 = Debug|x64
		{ACD1CD00-2D74-4298-85AA-96284F0E90C9}.Debug|x86.ActiveCfg = Debug|Win32
		{ACD1CD00-2D74-4298-85AA-96284F0E90C9}.Debug|x86.Build.0 = Debug|Win32
		{ACD1CD00-2D74-4298-85AA-96284F0E90C9}.Release|ARM.ActiveCfg = Release|ARM
		{ACD1CD00-2D74-4298-85AA-96284F0E90C9}.Release|ARM.Build.0 = Release|ARM
		{ACD1CD00-2D74-4298-85AA-96284F0E90C9}.Release|x64.ActiveCfg = Release|x64
		{ACD1CD00-2D74-4298-85AA-96284F0E90C9}.Release|x64.Build.0 = Release|x64
		{ACD1CD00-2D74-4298-85AA-96284F0E90C9}.Release|x86.ActiveCfg = Release|Win32
		{ACD1CD00-2D74-4298-85AA-96284F0E90C9}.Release|x86.Build.0 = Release|Win32
	EndGlobalSection
	GlobalSection(SolutionProperties) = preSolution
		HideSolutionNode = FALSE
	EndGlobalSection
	GlobalSection(ExtensibilityGlobals) = postSolution
		SolutionGuid = {9101B88E-CF44-4A7F-8792-5442455CE859}
	EndGlobalSection
EndGlobal
